// !$*UTF8*$!
{
	archiveVersion = 1;
	classes = {
	};
	objectVersion = 56;
	objects = {

/* Begin PBXBuildFile section */
		462531AF769BF882D24FA9B2 /* Pods_LittlePink.framework in Frameworks */ = {isa = PBXBuildFile; fileRef = ECE690675FCD949B1B3BD235 /* Pods_LittlePink.framework */; };
		91F01AA52AFFCDE800C1915A /* AppDelegate.swift in Sources */ = {isa = PBXBuildFile; fileRef = 91F01AA42AFFCDE800C1915A /* AppDelegate.swift */; };
		91F01AA72AFFCDE800C1915A /* SceneDelegate.swift in Sources */ = {isa = PBXBuildFile; fileRef = 91F01AA62AFFCDE800C1915A /* SceneDelegate.swift */; };
		91F01AA92AFFCDE800C1915A /* ViewController.swift in Sources */ = {isa = PBXBuildFile; fileRef = 91F01AA82AFFCDE800C1915A /* ViewController.swift */; };
		91F01AAC2AFFCDE800C1915A /* Main.storyboard in Resources */ = {isa = PBXBuildFile; fileRef = 91F01AAA2AFFCDE800C1915A /* Main.storyboard */; };
		91F01AAF2AFFCDE800C1915A /* LittlePink.xcdatamodeld in Sources */ = {isa = PBXBuildFile; fileRef = 91F01AAD2AFFCDE800C1915A /* LittlePink.xcdatamodeld */; };
		91F01AB12AFFCDEA00C1915A /* Assets.xcassets in Resources */ = {isa = PBXBuildFile; fileRef = 91F01AB02AFFCDEA00C1915A /* Assets.xcassets */; };
		91F01AB42AFFCDEA00C1915A /* LaunchScreen.storyboard in Resources */ = {isa = PBXBuildFile; fileRef = 91F01AB22AFFCDEA00C1915A /* LaunchScreen.storyboard */; };
/* End PBXBuildFile section */

/* Begin PBXFileReference section */
		61CDF38C223F2A4752ABDF8A /* Pods-LittlePink.debug.xcconfig */ = {isa = PBXFileReference; includeInIndex = 1; lastKnownFileType = text.xcconfig; name = "Pods-LittlePink.debug.xcconfig"; path = "Target Support Files/Pods-LittlePink/Pods-LittlePink.debug.xcconfig"; sourceTree = "<group>"; };
		91F01AA12AFFCDE800C1915A /* LittlePink.app */ = {isa = PBXFileReference; explicitFileType = wrapper.application; includeInIndex = 0; path = LittlePink.app; sourceTree = BUILT_PRODUCTS_DIR; };
		91F01AA42AFFCDE800C1915A /* AppDelegate.swift */ = {isa = PBXFileReference; lastKnownFileType = sourcecode.swift; path = AppDelegate.swift; sourceTree = "<group>"; };
		91F01AA62AFFCDE800C1915A /* SceneDelegate.swift */ = {isa = PBXFileReference; lastKnownFileType = sourcecode.swift; path = SceneDelegate.swift; sourceTree = "<group>"; };
		91F01AA82AFFCDE800C1915A /* ViewController.swift */ = {isa = PBXFileReference; lastKnownFileType = sourcecode.swift; path = ViewController.swift; sourceTree = "<group>"; };
		91F01AAB2AFFCDE800C1915A /* Base */ = {isa = PBXFileReference; lastKnownFileType = file.storyboard; name = Base; path = Base.lproj/Main.storyboard; sourceTree = "<group>"; };
		91F01AAE2AFFCDE800C1915A /* LittlePink.xcdatamodel */ = {isa = PBXFileReference; lastKnownFileType = wrapper.xcdatamodel; path = LittlePink.xcdatamodel; sourceTree = "<group>"; };
		91F01AB02AFFCDEA00C1915A /* Assets.xcassets */ = {isa = PBXFileReference; lastKnownFileType = folder.assetcatalog; path = Assets.xcassets; sourceTree = "<group>"; };
		91F01AB32AFFCDEA00C1915A /* Base */ = {isa = PBXFileReference; lastKnownFileType = file.storyboard; name = Base; path = Base.lproj/LaunchScreen.storyboard; sourceTree = "<group>"; };
		91F01AB52AFFCDEA00C1915A /* Info.plist */ = {isa = PBXFileReference; lastKnownFileType = text.plist.xml; path = Info.plist; sourceTree = "<group>"; };
		CD8A71F8EDD9FF750209E33F /* Pods-LittlePink.release.xcconfig */ = {isa = PBXFileReference; includeInIndex = 1; lastKnownFileType = text.xcconfig; name = "Pods-LittlePink.release.xcconfig"; path = "Target Support Files/Pods-LittlePink/Pods-LittlePink.release.xcconfig"; sourceTree = "<group>"; };
		ECE690675FCD949B1B3BD235 /* Pods_LittlePink.framework */ = {isa = PBXFileReference; explicitFileType = wrapper.framework; includeInIndex = 0; path = Pods_LittlePink.framework; sourceTree = BUILT_PRODUCTS_DIR; };
/* End PBXFileReference section */

/* Begin PBXFrameworksBuildPhase section */
		91F01A9E2AFFCDE800C1915A /* Frameworks */ = {
			isa = PBXFrameworksBuildPhase;
			buildActionMask = 2147483647;
			files = (
				462531AF769BF882D24FA9B2 /* Pods_LittlePink.framework in Frameworks */,
			);
			runOnlyForDeploymentPostprocessing = 0;
		};
/* End PBXFrameworksBuildPhase section */

/* Begin PBXGroup section */
		5DB7EC659E567EC2AB8A3F17 /* Frameworks */ = {
			isa = PBXGroup;
			children = (
				ECE690675FCD949B1B3BD235 /* Pods_LittlePink.framework */,
			);
			name = Frameworks;
			sourceTree = "<group>";
		};
		91F01A982AFFCDE800C1915A = {
			isa = PBXGroup;
			children = (
				91F01AA32AFFCDE800C1915A /* LittlePink */,
				91F01AA22AFFCDE800C1915A /* Products */,
				94D89F1806D5F0497C65202F /* Pods */,
				5DB7EC659E567EC2AB8A3F17 /* Frameworks */,
			);
			sourceTree = "<group>";
		};
		91F01AA22AFFCDE800C1915A /* Products */ = {
			isa = PBXGroup;
			children = (
				91F01AA12AFFCDE800C1915A /* LittlePink.app */,
			);
			name = Products;
			sourceTree = "<group>";
		};
		91F01AA32AFFCDE800C1915A /* LittlePink */ = {
			isa = PBXGroup;
			children = (
				91F01AA42AFFCDE800C1915A /* AppDelegate.swift */,
				91F01AA62AFFCDE800C1915A /* SceneDelegate.swift */,
				91F01AA82AFFCDE800C1915A /* ViewController.swift */,
				91F01AAA2AFFCDE800C1915A /* Main.storyboard */,
				91F01AB02AFFCDEA00C1915A /* Assets.xcassets */,
				91F01AB22AFFCDEA00C1915A /* LaunchScreen.storyboard */,
				91F01AB52AFFCDEA00C1915A /* Info.plist */,
				91F01AAD2AFFCDE800C1915A /* LittlePink.xcdatamodeld */,
			);
			path = LittlePink;
			sourceTree = "<group>";
		};
		94D89F1806D5F0497C65202F /* Pods */ = {
			isa = PBXGroup;
			children = (
				61CDF38C223F2A4752ABDF8A /* Pods-LittlePink.debug.xcconfig */,
				CD8A71F8EDD9FF750209E33F /* Pods-LittlePink.release.xcconfig */,
			);
			name = Pods;
			path = Pods;
			sourceTree = "<group>";
		};
/* End PBXGroup section */

/* Begin PBXNativeTarget section */
		91F01AA02AFFCDE800C1915A /* LittlePink */ = {
			isa = PBXNativeTarget;
			buildConfigurationList = 91F01AB82AFFCDEA00C1915A /* Build configuration list for PBXNativeTarget "LittlePink" */;
			buildPhases = (
				83CA0C3BC7E52C4A2EF1AA7A /* [CP] Check Pods Manifest.lock */,
				91F01A9D2AFFCDE800C1915A /* Sources */,
				91F01A9E2AFFCDE800C1915A /* Frameworks */,
				91F01A9F2AFFCDE800C1915A /* Resources */,
				7959D64CD4CD39C3CEFEB19A /* [CP] Embed Pods Frameworks */,
			);
			buildRules = (
			);
			dependencies = (
			);
			name = LittlePink;
			productName = LittlePink;
			productReference = 91F01AA12AFFCDE800C1915A /* LittlePink.app */;
			productType = "com.apple.product-type.application";
		};
/* End PBXNativeTarget section */

/* Begin PBXProject section */
		91F01A992AFFCDE800C1915A /* Project object */ = {
			isa = PBXProject;
			attributes = {
				BuildIndependentTargetsInParallel = 1;
				LastSwiftUpdateCheck = 1420;
				LastUpgradeCheck = 1420;
				TargetAttributes = {
					91F01AA02AFFCDE800C1915A = {
						CreatedOnToolsVersion = 14.2;
					};
				};
			};
			buildConfigurationList = 91F01A9C2AFFCDE800C1915A /* Build configuration list for PBXProject "LittlePink" */;
			compatibilityVersion = "Xcode 14.0";
			developmentRegion = en;
			hasScannedForEncodings = 0;
			knownRegions = (
				en,
				Base,
			);
			mainGroup = 91F01A982AFFCDE800C1915A;
			productRefGroup = 91F01AA22AFFCDE800C1915A /* Products */;
			projectDirPath = "";
			projectRoot = "";
			targets = (
				91F01AA02AFFCDE800C1915A /* LittlePink */,
			);
		};
/* End PBXProject section */

/* Begin PBXResourcesBuildPhase section */
		91F01A9F2AFFCDE800C1915A /* Resources */ = {
			isa = PBXResourcesBuildPhase;
			buildActionMask = 2147483647;
			files = (
				91F01AB42AFFCDEA00C1915A /* LaunchScreen.storyboard in Resources */,
				91F01AB12AFFCDEA00C1915A /* Assets.xcassets in Resources */,
				91F01AAC2AFFCDE800C1915A /* Main.storyboard in Resources */,
			);
			runOnlyForDeploymentPostprocessing = 0;
		};
/* End PBXResourcesBuildPhase section */

/* Begin PBXShellScriptBuildPhase section */
		7959D64CD4CD39C3CEFEB19A /* [CP] Embed Pods Frameworks */ = {
			isa = PBXShellScriptBuildPhase;
			buildActionMask = 2147483647;
			files = (
			);
			inputFileListPaths = (
				"${PODS_ROOT}/Target Support Files/Pods-LittlePink/Pods-LittlePink-frameworks-${CONFIGURATION}-input-files.xcfilelist",
			);
			name = "[CP] Embed Pods Frameworks";
			outputFileListPaths = (
				"${PODS_ROOT}/Target Support Files/Pods-LittlePink/Pods-LittlePink-frameworks-${CONFIGURATION}-output-files.xcfilelist",
			);
			runOnlyForDeploymentPostprocessing = 0;
			shellPath = /bin/sh;
			shellScript = "\"${PODS_ROOT}/Target Support Files/Pods-LittlePink/Pods-LittlePink-frameworks.sh\"\n";
			showEnvVarsInLog = 0;
		};
		83CA0C3BC7E52C4A2EF1AA7A /* [CP] Check Pods Manifest.lock */ = {
			isa = PBXShellScriptBuildPhase;
			buildActionMask = 2147483647;
			files = (
			);
			inputFileListPaths = (
			);
			inputPaths = (
				"${PODS_PODFILE_DIR_PATH}/Podfile.lock",
				"${PODS_ROOT}/Manifest.lock",
			);
			name = "[CP] Check Pods Manifest.lock";
			outputFileListPaths = (
			);
			outputPaths = (
				"$(DERIVED_FILE_DIR)/Pods-LittlePink-checkManifestLockResult.txt",
			);
			runOnlyForDeploymentPostprocessing = 0;
			shellPath = /bin/sh;
			shellScript = "diff \"${PODS_PODFILE_DIR_PATH}/Podfile.lock\" \"${PODS_ROOT}/Manifest.lock\" > /dev/null\nif [ $? != 0 ] ; then\n    # print error to STDERR\n    echo \"error: The sandbox is not in sync with the Podfile.lock. Run 'pod install' or update your CocoaPods installation.\" >&2\n    exit 1\nfi\n# This output is used by Xcode 'outputs' to avoid re-running this script phase.\necho \"SUCCESS\" > \"${SCRIPT_OUTPUT_FILE_0}\"\n";
			showEnvVarsInLog = 0;
		};
/* End PBXShellScriptBuildPhase section */

/* Begin PBXSourcesBuildPhase section */
		91F01A9D2AFFCDE800C1915A /* Sources */ = {
			isa = PBXSourcesBuildPhase;
			buildActionMask = 2147483647;
			files = (
				91F01AA92AFFCDE800C1915A /* ViewController.swift in Sources */,
				91F01AA52AFFCDE800C1915A /* AppDelegate.swift in Sources */,
				91F01AA72AFFCDE800C1915A /* SceneDelegate.swift in Sources */,
				91F01AAF2AFFCDE800C1915A /* LittlePink.xcdatamodeld in Sources */,
			);
			runOnlyForDeploymentPostprocessing = 0;
		};
/* End PBXSourcesBuildPhase section */

/* Begin PBXVariantGroup section */
		91F01AAA2AFFCDE800C1915A /* Main.storyboard */ = {
			isa = PBXVariantGroup;
			children = (
				91F01AAB2AFFCDE800C1915A /* Base */,
			);
			name = Main.storyboard;
			sourceTree = "<group>";
		};
		91F01AB22AFFCDEA00C1915A /* LaunchScreen.storyboard */ = {
			isa = PBXVariantGroup;
			children = (
				91F01AB32AFFCDEA00C1915A /* Base */,
			);
			name = LaunchScreen.storyboard;
			sourceTree = "<group>";
		};
/* End PBXVariantGroup section */

/* Begin XCBuildConfiguration section */
		91F01AB62AFFCDEA00C1915A /* Debug */ = {
			isa = XCBuildConfiguration;
			buildSettings = {
				ALWAYS_SEARCH_USER_PATHS = NO;
				CLANG_ANALYZER_NONNULL = YES;
				CLANG_ANALYZER_NUMBER_OBJECT_CONVERSION = YES_AGGRESSIVE;
				CLANG_CXX_LANGUAGE_STANDARD = "gnu++20";
				CLANG_ENABLE_MODULES = YES;
				CLANG_ENABLE_OBJC_ARC = YES;
				CLANG_ENABLE_OBJC_WEAK = YES;
				CLANG_WARN_BLOCK_CAPTURE_AUTORELEASING = YES;
				CLANG_WARN_BOOL_CONVERSION = YES;
				CLANG_WARN_COMMA = YES;
				CLANG_WARN_CONSTANT_CONVERSION = YES;
				CLANG_WARN_DEPRECATED_OBJC_IMPLEMENTATIONS = YES;
				CLANG_WARN_DIRECT_OBJC_ISA_USAGE = YES_ERROR;
				CLANG_WARN_DOCUMENTATION_COMMENTS = YES;
				CLANG_WARN_EMPTY_BODY = YES;
				CLANG_WARN_ENUM_CONVERSION = YES;
				CLANG_WARN_INFINITE_RECURSION = YES;
				CLANG_WARN_INT_CONVERSION = YES;
				CLANG_WARN_NON_LITERAL_NULL_CONVERSION = YES;
				CLANG_WARN_OBJC_IMPLICIT_RETAIN_SELF = YES;
				CLANG_WARN_OBJC_LITERAL_CONVERSION = YES;
				CLANG_WARN_OBJC_ROOT_CLASS = YES_ERROR;
				CLANG_WARN_QUOTED_INCLUDE_IN_FRAMEWORK_HEADER = YES;
				CLANG_WARN_RANGE_LOOP_ANALYSIS = YES;
				CLANG_WARN_STRICT_PROTOTYPES = YES;
				CLANG_WARN_SUSPICIOUS_MOVE = YES;
				CLANG_WARN_UNGUARDED_AVAILABILITY = YES_AGGRESSIVE;
				CLANG_WARN_UNREACHABLE_CODE = YES;
				CLANG_WARN__DUPLICATE_METHOD_MATCH = YES;
				COPY_PHASE_STRIP = NO;
				DEBUG_INFORMATION_FORMAT = dwarf;
				ENABLE_STRICT_OBJC_MSGSEND = YES;
				ENABLE_TESTABILITY = YES;
				GCC_C_LANGUAGE_STANDARD = gnu11;
				GCC_DYNAMIC_NO_PIC = NO;
				GCC_NO_COMMON_BLOCKS = YES;
				GCC_OPTIMIZATION_LEVEL = 0;
				GCC_PREPROCESSOR_DEFINITIONS = (
					"DEBUG=1",
					"$(inherited)",
				);
				GCC_WARN_64_TO_32_BIT_CONVERSION = YES;
				GCC_WARN_ABOUT_RETURN_TYPE = YES_ERROR;
				GCC_WARN_UNDECLARED_SELECTOR = YES;
				GCC_WARN_UNINITIALIZED_AUTOS = YES_AGGRESSIVE;
				GCC_WARN_UNUSED_FUNCTION = YES;
				GCC_WARN_UNUSED_VARIABLE = YES;
				IPHONEOS_DEPLOYMENT_TARGET = 16.2;
				MTL_ENABLE_DEBUG_INFO = INCLUDE_SOURCE;
				MTL_FAST_MATH = YES;
				ONLY_ACTIVE_ARCH = YES;
				SDKROOT = iphoneos;
				SWIFT_ACTIVE_COMPILATION_CONDITIONS = DEBUG;
				SWIFT_OPTIMIZATION_LEVEL = "-Onone";
			};
			name = Debug;
		};
		91F01AB72AFFCDEA00C1915A /* Release */ = {
			isa = XCBuildConfiguration;
			buildSettings = {
				ALWAYS_SEARCH_USER_PATHS = NO;
				CLANG_ANALYZER_NONNULL = YES;
				CLANG_ANALYZER_NUMBER_OBJECT_CONVERSION = YES_AGGRESSIVE;
				CLANG_CXX_LANGUAGE_STANDARD = "gnu++20";
				CLANG_ENABLE_MODULES = YES;
				CLANG_ENABLE_OBJC_ARC = YES;
				CLANG_ENABLE_OBJC_WEAK = YES;
				CLANG_WARN_BLOCK_CAPTURE_AUTORELEASING = YES;
				CLANG_WARN_BOOL_CONVERSION = YES;
				CLANG_WARN_COMMA = YES;
				CLANG_WARN_CONSTANT_CONVERSION = YES;
				CLANG_WARN_DEPRECATED_OBJC_IMPLEMENTATIONS = YES;
				CLANG_WARN_DIRECT_OBJC_ISA_USAGE = YES_ERROR;
				CLANG_WARN_DOCUMENTATION_COMMENTS = YES;
				CLANG_WARN_EMPTY_BODY = YES;
				CLANG_WARN_ENUM_CONVERSION = YES;
				CLANG_WARN_INFINITE_RECURSION = YES;
				CLANG_WARN_INT_CONVERSION = YES;
				CLANG_WARN_NON_LITERAL_NULL_CONVERSION = YES;
				CLANG_WARN_OBJC_IMPLICIT_RETAIN_SELF = YES;
				CLANG_WARN_OBJC_LITERAL_CONVERSION = YES;
				CLANG_WARN_OBJC_ROOT_CLASS = YES_ERROR;
				CLANG_WARN_QUOTED_INCLUDE_IN_FRAMEWORK_HEADER = YES;
				CLANG_WARN_RANGE_LOOP_ANALYSIS = YES;
				CLANG_WARN_STRICT_PROTOTYPES = YES;
				CLANG_WARN_SUSPICIOUS_MOVE = YES;
				CLANG_WARN_UNGUARDED_AVAILABILITY = YES_AGGRESSIVE;
				CLANG_WARN_UNREACHABLE_CODE = YES;
				CLANG_WARN__DUPLICATE_METHOD_MATCH = YES;
				COPY_PHASE_STRIP = NO;
				DEBUG_INFORMATION_FORMAT = "dwarf-with-dsym";
				ENABLE_NS_ASSERTIONS = NO;
				ENABLE_STRICT_OBJC_MSGSEND = YES;
				GCC_C_LANGUAGE_STANDARD = gnu11;
				GCC_NO_COMMON_BLOCKS = YES;
				GCC_WARN_64_TO_32_BIT_CONVERSION = YES;
				GCC_WARN_ABOUT_RETURN_TYPE = YES_ERROR;
				GCC_WARN_UNDECLARED_SELECTOR = YES;
				GCC_WARN_UNINITIALIZED_AUTOS = YES_AGGRESSIVE;
				GCC_WARN_UNUSED_FUNCTION = YES;
				GCC_WARN_UNUSED_VARIABLE = YES;
				IPHONEOS_DEPLOYMENT_TARGET = 16.2;
				MTL_ENABLE_DEBUG_INFO = NO;
				MTL_FAST_MATH = YES;
				SDKROOT = iphoneos;
				SWIFT_COMPILATION_MODE = wholemodule;
				SWIFT_OPTIMIZATION_LEVEL = "-O";
				VALIDATE_PRODUCT = YES;
			};
			name = Release;
		};
		91F01AB92AFFCDEA00C1915A /* Debug */ = {
			isa = XCBuildConfiguration;
			baseConfigurationReference = 61CDF38C223F2A4752ABDF8A /* Pods-LittlePink.debug.xcconfig */;
			buildSettings = {
				ASSETCATALOG_COMPILER_APPICON_NAME = AppIcon;
				ASSETCATALOG_COMPILER_GLOBAL_ACCENT_COLOR_NAME = AccentColor;
				CODE_SIGN_STYLE = Automatic;
				CURRENT_PROJECT_VERSION = 1;
				DEVELOPMENT_TEAM = E58NVXF4DG;
				GENERATE_INFOPLIST_FILE = YES;
				INFOPLIST_FILE = LittlePink/Info.plist;
				INFOPLIST_KEY_CFBundleDisplayName = "小粉书";
				INFOPLIST_KEY_UIApplicationSupportsIndirectInputEvents = YES;
				INFOPLIST_KEY_UILaunchStoryboardName = LaunchScreen;
				INFOPLIST_KEY_UIMainStoryboardFile = Main;
				INFOPLIST_KEY_UISupportedInterfaceOrientations = UIInterfaceOrientationPortrait;
				INFOPLIST_KEY_UISupportedInterfaceOrientations_iPad = "UIInterfaceOrientationLandscapeLeft UIInterfaceOrientationLandscapeRight UIInterfaceOrientationPortrait UIInterfaceOrientationPortraitUpsideDown";
				LD_RUNPATH_SEARCH_PATHS = (
					"$(inherited)",
					"@executable_path/Frameworks",
				);
				MARKETING_VERSION = 1.0;
				PRODUCT_BUNDLE_IDENTIFIER = com.xxz.LittlePink;
				PRODUCT_NAME = "$(TARGET_NAME)";
				SUPPORTED_PLATFORMS = "iphoneos iphonesimulator";
				SUPPORTS_MACCATALYST = NO;
				SUPPORTS_MAC_DESIGNED_FOR_IPHONE_IPAD = YES;
				SWIFT_EMIT_LOC_STRINGS = YES;
				SWIFT_VERSION = 5.0;
				TARGETED_DEVICE_FAMILY = 1;
			};
			name = Debug;
		};
		91F01ABA2AFFCDEA00C1915A /* Release */ = {
			isa = XCBuildConfiguration;
			baseConfigurationReference = CD8A71F8EDD9FF750209E33F /* Pods-LittlePink.release.xcconfig */;
			buildSettings = {
				ASSETCATALOG_COMPILER_APPICON_NAME = AppIcon;
				ASSETCATALOG_COMPILER_GLOBAL_ACCENT_COLOR_NAME = AccentColor;
				CODE_SIGN_STYLE = Automatic;
				CURRENT_PROJECT_VERSION = 1;
				DEVELOPMENT_TEAM = E58NVXF4DG;
				GENERATE_INFOPLIST_FILE = YES;
				INFOPLIST_FILE = LittlePink/Info.plist;
				INFOPLIST_KEY_CFBundleDisplayName = "小粉书";
				INFOPLIST_KEY_UIApplicationSupportsIndirectInputEvents = YES;
				INFOPLIST_KEY_UILaunchStoryboardName = LaunchScreen;
				INFOPLIST_KEY_UIMainStoryboardFile = Main;
				INFOPLIST_KEY_UISupportedInterfaceOrientations = UIInterfaceOrientationPortrait;
				INFOPLIST_KEY_UISupportedInterfaceOrientations_iPad = "UIInterfaceOrientationLandscapeLeft UIInterfaceOrientationLandscapeRight UIInterfaceOrientationPortrait UIInterfaceOrientationPortraitUpsideDown";
				LD_RUNPATH_SEARCH_PATHS = (
					"$(inherited)",
					"@executable_path/Frameworks",
				);
				MARKETING_VERSION = 1.0;
				PRODUCT_BUNDLE_IDENTIFIER = com.xxz.LittlePink;
				PRODUCT_NAME = "$(TARGET_NAME)";
				SUPPORTED_PLATFORMS = "iphoneos iphonesimulator";
				SUPPORTS_MACCATALYST = NO;
				SUPPORTS_MAC_DESIGNED_FOR_IPHONE_IPAD = YES;
				SWIFT_EMIT_LOC_STRINGS = YES;
				SWIFT_VERSION = 5.0;
				TARGETED_DEVICE_FAMILY = 1;
			};
			name = Release;
		};
/* End XCBuildConfiguration section */

/* Begin XCConfigurationList section */
		91F01A9C2AFFCDE800C1915A /* Build configuration list for PBXProject "LittlePink" */ = {
			isa = XCConfigurationList;
			buildConfigurations = (
				91F01AB62AFFCDEA00C1915A /* Debug */,
				91F01AB72AFFCDEA00C1915A /* Release */,
			);
			defaultConfigurationIsVisible = 0;
			defaultConfigurationName = Release;
		};
		91F01AB82AFFCDEA00C1915A /* Build configuration list for PBXNativeTarget "LittlePink" */ = {
			isa = XCConfigurationList;
			buildConfigurations = (
				91F01AB92AFFCDEA00C1915A /* Debug */,
				91F01ABA2AFFCDEA00C1915A /* Release */,
			);
			defaultConfigurationIsVisible = 0;
			defaultConfigurationName = Release;
		};
/* End XCConfigurationList section */

/* Begin XCVersionGroup section */
		91F01AAD2AFFCDE800C1915A /* LittlePink.xcdatamodeld */ = {
			isa = XCVersionGroup;
			children = (
				91F01AAE2AFFCDE800C1915A /* LittlePink.xcdatamodel */,
			);
			currentVersion = 91F01AAE2AFFCDE800C1915A /* LittlePink.xcdatamodel */;
			path = LittlePink.xcdatamodeld;
			sourceTree = "<group>";
			versionGroupType = wrapper.xcdatamodel;
		};
/* End XCVersionGroup section */
	};
	rootObject = 91F01A992AFFCDE800C1915A /* Project object */;
}
